// !$*UTF8*$!
{
	archiveVersion = 1;
	classes = {
	};
	objectVersion = 46;
	objects = {

/* Begin PBXBuildFile section */
		394E75AA1C0827440043EFE7 /* main.m in Sources */ = {isa = PBXBuildFile; fileRef = 394E75A91C0827440043EFE7 /* main.m */; };
		394E75AD1C0827440043EFE7 /* AppDelegate.m in Sources */ = {isa = PBXBuildFile; fileRef = 394E75AC1C0827440043EFE7 /* AppDelegate.m */; };
		394E75B01C0827440043EFE7 /* ViewController.m in Sources */ = {isa = PBXBuildFile; fileRef = 394E75AF1C0827440043EFE7 /* ViewController.m */; };
		394E75B51C0827440043EFE7 /* Assets.xcassets in Resources */ = {isa = PBXBuildFile; fileRef = 394E75B41C0827440043EFE7 /* Assets.xcassets */; };
		394E75B81C0827440043EFE7 /* LaunchScreen.storyboard in Resources */ = {isa = PBXBuildFile; fileRef = 394E75B61C0827440043EFE7 /* LaunchScreen.storyboard */; };
		394E75C31C0827440043EFE7 /* LivePhotoTests.m in Sources */ = {isa = PBXBuildFile; fileRef = 394E75C21C0827440043EFE7 /* LivePhotoTests.m */; };
		394E75CE1C0827440043EFE7 /* LivePhotoUITests.m in Sources */ = {isa = PBXBuildFile; fileRef = 394E75CD1C0827440043EFE7 /* LivePhotoUITests.m */; };
		394E75DC1C0828BA0043EFE7 /* PhotosUI.framework in Frameworks */ = {isa = PBXBuildFile; fileRef = 394E75DB1C0828BA0043EFE7 /* PhotosUI.framework */; };
		394E75DE1C082FB80043EFE7 /* MobileCoreServices.framework in Frameworks */ = {isa = PBXBuildFile; fileRef = 394E75DD1C082FB80043EFE7 /* MobileCoreServices.framework */; };
/* End PBXBuildFile section */

/* Begin PBXContainerItemProxy section */
		394E75BF1C0827440043EFE7 /* PBXContainerItemProxy */ = {
			isa = PBXContainerItemProxy;
			containerPortal = 394E759D1C0827440043EFE7 /* Project object */;
			proxyType = 1;
			remoteGlobalIDString = 394E75A41C0827440043EFE7;
			remoteInfo = LivePhoto;
		};
		394E75CA1C0827440043EFE7 /* PBXContainerItemProxy */ = {
			isa = PBXContainerItemProxy;
			containerPortal = 394E759D1C0827440043EFE7 /* Project object */;
			proxyType = 1;
			remoteGlobalIDString = 394E75A41C0827440043EFE7;
			remoteInfo = LivePhoto;
		};
/* End PBXContainerItemProxy section */

/* Begin PBXFileReference section */
		394E75A51C0827440043EFE7 /* LivePhoto.app */ = {isa = PBXFileReference; explicitFileType = wrapper.application; includeInIndex = 0; path = LivePhoto.app; sourceTree = BUILT_PRODUCTS_DIR; };
		394E75A91C0827440043EFE7 /* main.m */ = {isa = PBXFileReference; lastKnownFileType = sourcecode.c.objc; path = main.m; sourceTree = "<group>"; };
		394E75AB1C0827440043EFE7 /* AppDelegate.h */ = {isa = PBXFileReference; lastKnownFileType = sourcecode.c.h; path = AppDelegate.h; sourceTree = "<group>"; };
		394E75AC1C0827440043EFE7 /* AppDelegate.m */ = {isa = PBXFileReference; lastKnownFileType = sourcecode.c.objc; path = AppDelegate.m; sourceTree = "<group>"; };
		394E75AE1C0827440043EFE7 /* ViewController.h */ = {isa = PBXFileReference; lastKnownFileType = sourcecode.c.h; path = ViewController.h; sourceTree = "<group>"; };
		394E75AF1C0827440043EFE7 /* ViewController.m */ = {isa = PBXFileReference; lastKnownFileType = sourcecode.c.objc; path = ViewController.m; sourceTree = "<group>"; };
		394E75B41C0827440043EFE7 /* Assets.xcassets */ = {isa = PBXFileReference; lastKnownFileType = folder.assetcatalog; path = Assets.xcassets; sourceTree = "<group>"; };
		394E75B71C0827440043EFE7 /* Base */ = {isa = PBXFileReference; lastKnownFileType = file.storyboard; name = Base; path = Base.lproj/LaunchScreen.storyboard; sourceTree = "<group>"; };
		394E75B91C0827440043EFE7 /* Info.plist */ = {isa = PBXFileReference; lastKnownFileType = text.plist.xml; path = Info.plist; sourceTree = "<group>"; };
		394E75BE1C0827440043EFE7 /* LivePhotoTests.xctest */ = {isa = PBXFileReference; explicitFileType = wrapper.cfbundle; includeInIndex = 0; path = LivePhotoTests.xctest; sourceTree = BUILT_PRODUCTS_DIR; };
		394E75C21C0827440043EFE7 /* LivePhotoTests.m */ = {isa = PBXFileReference; lastKnownFileType = sourcecode.c.objc; path = LivePhotoTests.m; sourceTree = "<group>"; };
		394E75C41C0827440043EFE7 /* Info.plist */ = {isa = PBXFileReference; lastKnownFileType = text.plist.xml; path = Info.plist; sourceTree = "<group>"; };
		394E75C91C0827440043EFE7 /* LivePhotoUITests.xctest */ = {isa = PBXFileReference; explicitFileType = wrapper.cfbundle; includeInIndex = 0; path = LivePhotoUITests.xctest; sourceTree = BUILT_PRODUCTS_DIR; };
		394E75CD1C0827440043EFE7 /* LivePhotoUITests.m */ = {isa = PBXFileReference; lastKnownFileType = sourcecode.c.objc; path = LivePhotoUITests.m; sourceTree = "<group>"; };
		394E75CF1C0827440043EFE7 /* Info.plist */ = {isa = PBXFileReference; lastKnownFileType = text.plist.xml; path = Info.plist; sourceTree = "<group>"; };
		394E75DB1C0828BA0043EFE7 /* PhotosUI.framework */ = {isa = PBXFileReference; lastKnownFileType = wrapper.framework; name = PhotosUI.framework; path = System/Library/Frameworks/PhotosUI.framework; sourceTree = SDKROOT; };
		394E75DD1C082FB80043EFE7 /* MobileCoreServices.framework */ = {isa = PBXFileReference; lastKnownFileType = wrapper.framework; name = MobileCoreServices.framework; path = System/Library/Frameworks/MobileCoreServices.framework; sourceTree = SDKROOT; };
/* End PBXFileReference section */

/* Begin PBXFrameworksBuildPhase section */
		394E75A21C0827440043EFE7 /* Frameworks */ = {
			isa = PBXFrameworksBuildPhase;
			buildActionMask = 2147483647;
			files = (
				394E75DE1C082FB80043EFE7 /* MobileCoreServices.framework in Frameworks */,
				394E75DC1C0828BA0043EFE7 /* PhotosUI.framework in Frameworks */,
			);
			runOnlyForDeploymentPostprocessing = 0;
		};
		394E75BB1C0827440043EFE7 /* Frameworks */ = {
			isa = PBXFrameworksBuildPhase;
			buildActionMask = 2147483647;
			files = (
			);
			runOnlyForDeploymentPostprocessing = 0;
		};
		394E75C61C0827440043EFE7 /* Frameworks */ = {
			isa = PBXFrameworksBuildPhase;
			buildActionMask = 2147483647;
			files = (
			);
			runOnlyForDeploymentPostprocessing = 0;
		};
/* End PBXFrameworksBuildPhase section */

/* Begin PBXGroup section */
		394E759C1C0827440043EFE7 = {
			isa = PBXGroup;
			children = (
				394E75DD1C082FB80043EFE7 /* MobileCoreServices.framework */,
				394E75DB1C0828BA0043EFE7 /* PhotosUI.framework */,
				394E75A71C0827440043EFE7 /* LivePhoto */,
				394E75C11C0827440043EFE7 /* LivePhotoTests */,
				394E75CC1C0827440043EFE7 /* LivePhotoUITests */,
				394E75A61C0827440043EFE7 /* Products */,
			);
			sourceTree = "<group>";
		};
		394E75A61C0827440043EFE7 /* Products */ = {
			isa = PBXGroup;
			children = (
				394E75A51C0827440043EFE7 /* LivePhoto.app */,
				394E75BE1C0827440043EFE7 /* LivePhotoTests.xctest */,
				394E75C91C0827440043EFE7 /* LivePhotoUITests.xctest */,
			);
			name = Products;
			sourceTree = "<group>";
		};
		394E75A71C0827440043EFE7 /* LivePhoto */ = {
			isa = PBXGroup;
			children = (
				394E75AB1C0827440043EFE7 /* AppDelegate.h */,
				394E75AC1C0827440043EFE7 /* AppDelegate.m */,
				394E75AE1C0827440043EFE7 /* ViewController.h */,
				394E75AF1C0827440043EFE7 /* ViewController.m */,
				394E75B41C0827440043EFE7 /* Assets.xcassets */,
				394E75B61C0827440043EFE7 /* LaunchScreen.storyboard */,
				394E75B91C0827440043EFE7 /* Info.plist */,
				394E75A81C0827440043EFE7 /* Supporting Files */,
			);
			path = LivePhoto;
			sourceTree = "<group>";
		};
		394E75A81C0827440043EFE7 /* Supporting Files */ = {
			isa = PBXGroup;
			children = (
				394E75A91C0827440043EFE7 /* main.m */,
			);
			name = "Supporting Files";
			sourceTree = "<group>";
		};
		394E75C11C0827440043EFE7 /* LivePhotoTests */ = {
			isa = PBXGroup;
			children = (
				394E75C21C0827440043EFE7 /* LivePhotoTests.m */,
				394E75C41C0827440043EFE7 /* Info.plist */,
			);
			path = LivePhotoTests;
			sourceTree = "<group>";
		};
		394E75CC1C0827440043EFE7 /* LivePhotoUITests */ = {
			isa = PBXGroup;
			children = (
				394E75CD1C0827440043EFE7 /* LivePhotoUITests.m */,
				394E75CF1C0827440043EFE7 /* Info.plist */,
			);
			path = LivePhotoUITests;
			sourceTree = "<group>";
		};
/* End PBXGroup section */

/* Begin PBXNativeTarget section */
		394E75A41C0827440043EFE7 /* LivePhoto */ = {
			isa = PBXNativeTarget;
			buildConfigurationList = 394E75D21C0827440043EFE7 /* Build configuration list for PBXNativeTarget "LivePhoto" */;
			buildPhases = (
				394E75A11C0827440043EFE7 /* Sources */,
				394E75A21C0827440043EFE7 /* Frameworks */,
				394E75A31C0827440043EFE7 /* Resources */,
			);
			buildRules = (
			);
			dependencies = (
			);
			name = LivePhoto;
			productName = LivePhoto;
			productReference = 394E75A51C0827440043EFE7 /* LivePhoto.app */;
			productType = "com.apple.product-type.application";
		};
		394E75BD1C0827440043EFE7 /* LivePhotoTests */ = {
			isa = PBXNativeTarget;
			buildConfigurationList = 394E75D51C0827440043EFE7 /* Build configuration list for PBXNativeTarget "LivePhotoTests" */;
			buildPhases = (
				394E75BA1C0827440043EFE7 /* Sources */,
				394E75BB1C0827440043EFE7 /* Frameworks */,
				394E75BC1C0827440043EFE7 /* Resources */,
			);
			buildRules = (
			);
			dependencies = (
				394E75C01C0827440043EFE7 /* PBXTargetDependency */,
			);
			name = LivePhotoTests;
			productName = LivePhotoTests;
			productReference = 394E75BE1C0827440043EFE7 /* LivePhotoTests.xctest */;
			productType = "com.apple.product-type.bundle.unit-test";
		};
		394E75C81C0827440043EFE7 /* LivePhotoUITests */ = {
			isa = PBXNativeTarget;
			buildConfigurationList = 394E75D81C0827440043EFE7 /* Build configuration list for PBXNativeTarget "LivePhotoUITests" */;
			buildPhases = (
				394E75C51C0827440043EFE7 /* Sources */,
				394E75C61C0827440043EFE7 /* Frameworks */,
				394E75C71C0827440043EFE7 /* Resources */,
			);
			buildRules = (
			);
			dependencies = (
				394E75CB1C0827440043EFE7 /* PBXTargetDependency */,
			);
			name = LivePhotoUITests;
			productName = LivePhotoUITests;
			productReference = 394E75C91C0827440043EFE7 /* LivePhotoUITests.xctest */;
			productType = "com.apple.product-type.bundle.ui-testing";
		};
/* End PBXNativeTarget section */

/* Begin PBXProject section */
		394E759D1C0827440043EFE7 /* Project object */ = {
			isa = PBXProject;
			attributes = {
				CLASSPREFIX = LP;
				LastUpgradeCheck = 0710;
				ORGANIZATIONNAME = jam.chenjun;
				TargetAttributes = {
					394E75A41C0827440043EFE7 = {
						CreatedOnToolsVersion = 7.1.1;
					};
					394E75BD1C0827440043EFE7 = {
						CreatedOnToolsVersion = 7.1.1;
						TestTargetID = 394E75A41C0827440043EFE7;
					};
					394E75C81C0827440043EFE7 = {
						CreatedOnToolsVersion = 7.1.1;
						TestTargetID = 394E75A41C0827440043EFE7;
					};
				};
			};
			buildConfigurationList = 394E75A01C0827440043EFE7 /* Build configuration list for PBXProject "LivePhoto" */;
			compatibilityVersion = "Xcode 3.2";
			developmentRegion = English;
			hasScannedForEncodings = 0;
			knownRegions = (
				en,
				Base,
			);
			mainGroup = 394E759C1C0827440043EFE7;
			productRefGroup = 394E75A61C0827440043EFE7 /* Products */;
			projectDirPath = "";
			projectRoot = "";
			targets = (
				394E75A41C0827440043EFE7 /* LivePhoto */,
				394E75BD1C0827440043EFE7 /* LivePhotoTests */,
				394E75C81C0827440043EFE7 /* LivePhotoUITests */,
			);
		};
/* End PBXProject section */

/* Begin PBXResourcesBuildPhase section */
		394E75A31C0827440043EFE7 /* Resources */ = {
			isa = PBXResourcesBuildPhase;
			buildActionMask = 2147483647;
			files = (
				394E75B81C0827440043EFE7 /* LaunchScreen.storyboard in Resources */,
				394E75B51C0827440043EFE7 /* Assets.xcassets in Resources */,
			);
			runOnlyForDeploymentPostprocessing = 0;
		};
		394E75BC1C0827440043EFE7 /* Resources */ = {
			isa = PBXResourcesBuildPhase;
			buildActionMask = 2147483647;
			files = (
			);
			runOnlyForDeploymentPostprocessing = 0;
		};
		394E75C71C0827440043EFE7 /* Resources */ = {
			isa = PBXResourcesBuildPhase;
			buildActionMask = 2147483647;
			files = (
			);
			runOnlyForDeploymentPostprocessing = 0;
		};
/* End PBXResourcesBuildPhase section */

/* Begin PBXSourcesBuildPhase section */
		394E75A11C0827440043EFE7 /* Sources */ = {
			isa = PBXSourcesBuildPhase;
			buildActionMask = 2147483647;
			files = (
				394E75B01C0827440043EFE7 /* ViewController.m in Sources */,
				394E75AD1C0827440043EFE7 /* AppDelegate.m in Sources */,
				394E75AA1C0827440043EFE7 /* main.m in Sources */,
			);
			runOnlyForDeploymentPostprocessing = 0;
		};
		394E75BA1C0827440043EFE7 /* Sources */ = {
			isa = PBXSourcesBuildPhase;
			buildActionMask = 2147483647;
			files = (
				394E75C31C0827440043EFE7 /* LivePhotoTests.m in Sources */,
			);
			runOnlyForDeploymentPostprocessing = 0;
		};
		394E75C51C0827440043EFE7 /* Sources */ = {
			isa = PBXSourcesBuildPhase;
			buildActionMask = 2147483647;
			files = (
				394E75CE1C0827440043EFE7 /* LivePhotoUITests.m in Sources */,
			);
			runOnlyForDeploymentPostprocessing = 0;
		};
/* End PBXSourcesBuildPhase section */

/* Begin PBXTargetDependency section */
		394E75C01C0827440043EFE7 /* PBXTargetDependency */ = {
			isa = PBXTargetDependency;
			target = 394E75A41C0827440043EFE7 /* LivePhoto */;
			targetProxy = 394E75BF1C0827440043EFE7 /* PBXContainerItemProxy */;
		};
		394E75CB1C0827440043EFE7 /* PBXTargetDependency */ = {
			isa = PBXTargetDependency;
			target = 394E75A41C0827440043EFE7 /* LivePhoto */;
			targetProxy = 394E75CA1C0827440043EFE7 /* PBXContainerItemProxy */;
		};
/* End PBXTargetDependency section */

/* Begin PBXVariantGroup section */
		394E75B61C0827440043EFE7 /* LaunchScreen.storyboard */ = {
			isa = PBXVariantGroup;
			children = (
				394E75B71C0827440043EFE7 /* Base */,
			);
			name = LaunchScreen.storyboard;
			sourceTree = "<group>";
		};
/* End PBXVariantGroup section */

/* Begin XCBuildConfiguration section */
		394E75D01C0827440043EFE7 /* Debug */ = {
			isa = XCBuildConfiguration;
			buildSettings = {
				ALWAYS_SEARCH_USER_PATHS = NO;
				CLANG_CXX_LANGUAGE_STANDARD = "gnu++0x";
				CLANG_CXX_LIBRARY = "libc++";
				CLANG_ENABLE_MODULES = YES;
				CLANG_ENABLE_OBJC_ARC = YES;
				CLANG_WARN_BOOL_CONVERSION = YES;
				CLANG_WARN_CONSTANT_CONVERSION = YES;
				CLANG_WARN_DIRECT_OBJC_ISA_USAGE = YES_ERROR;
				CLANG_WARN_EMPTY_BODY = YES;
				CLANG_WARN_ENUM_CONVERSION = YES;
				CLANG_WARN_INT_CONVERSION = YES;
				CLANG_WARN_OBJC_ROOT_CLASS = YES_ERROR;
				CLANG_WARN_UNREACHABLE_CODE = YES;
				CLANG_WARN__DUPLICATE_METHOD_MATCH = YES;
				"CODE_SIGN_IDENTITY[sdk=iphoneos*]" = "iPhone Developer";
				COPY_PHASE_STRIP = NO;
				DEBUG_INFORMATION_FORMAT = dwarf;
				ENABLE_STRICT_OBJC_MSGSEND = YES;
				ENABLE_TESTABILITY = YES;
				GCC_C_LANGUAGE_STANDARD = gnu99;
				GCC_DYNAMIC_NO_PIC = NO;
				GCC_NO_COMMON_BLOCKS = YES;
				GCC_OPTIMIZATION_LEVEL = 0;
				GCC_PREPROCESSOR_DEFINITIONS = (
					"DEBUG=1",
					"$(inherited)",
				);
				GCC_WARN_64_TO_32_BIT_CONVERSION = YES;
				GCC_WARN_ABOUT_RETURN_TYPE = YES_ERROR;
				GCC_WARN_UNDECLARED_SELECTOR = YES;
				GCC_WARN_UNINITIALIZED_AUTOS = YES_AGGRESSIVE;
				GCC_WARN_UNUSED_FUNCTION = YES;
				GCC_WARN_UNUSED_VARIABLE = YES;
				IPHONEOS_DEPLOYMENT_TARGET = 9.1;
				MTL_ENABLE_DEBUG_INFO = YES;
				ONLY_ACTIVE_ARCH = YES;
				SDKROOT = iphoneos;
			};
			name = Debug;
		};
		394E75D11C0827440043EFE7 /* Release */ = {
			isa = XCBuildConfiguration;
			buildSettings = {
				ALWAYS_SEARCH_USER_PATHS = NO;
				CLANG_CXX_LANGUAGE_STANDARD = "gnu++0x";
				CLANG_CXX_LIBRARY = "libc++";
				CLANG_ENABLE_MODULES = YES;
				CLANG_ENABLE_OBJC_ARC = YES;
				CLANG_WARN_BOOL_CONVERSION = YES;
				CLANG_WARN_CONSTANT_CONVERSION = YES;
				CLANG_WARN_DIRECT_OBJC_ISA_USAGE = YES_ERROR;
				CLANG_WARN_EMPTY_BODY = YES;
				CLANG_WARN_ENUM_CONVERSION = YES;
				CLANG_WARN_INT_CONVERSION = YES;
				CLANG_WARN_OBJC_ROOT_CLASS = YES_ERROR;
				CLANG_WARN_UNREACHABLE_CODE = YES;
				CLANG_WARN__DUPLICATE_METHOD_MATCH = YES;
				"CODE_SIGN_IDENTITY[sdk=iphoneos*]" = "iPhone Developer";
				COPY_PHASE_STRIP = NO;
				DEBUG_INFORMATION_FORMAT = "dwarf-with-dsym";
				ENABLE_NS_ASSERTIONS = NO;
				ENABLE_STRICT_OBJC_MSGSEND = YES;
				GCC_C_LANGUAGE_STANDARD = gnu99;
				GCC_NO_COMMON_BLOCKS = YES;
				GCC_WARN_64_TO_32_BIT_CONVERSION = YES;
				GCC_WARN_ABOUT_RETURN_TYPE = YES_ERROR;
				GCC_WARN_UNDECLARED_SELECTOR = YES;
				GCC_WARN_UNINITIALIZED_AUTOS = YES_AGGRESSIVE;
				GCC_WARN_UNUSED_FUNCTION = YES;
				GCC_WARN_UNUSED_VARIABLE = YES;
				IPHONEOS_DEPLOYMENT_TARGET = 9.1;
				MTL_ENABLE_DEBUG_INFO = NO;
				SDKROOT = iphoneos;
				VALIDATE_PRODUCT = YES;
			};
			name = Release;
		};
		394E75D31C0827440043EFE7 /* Debug */ = {
			isa = XCBuildConfiguration;
			buildSettings = {
				ASSETCATALOG_COMPILER_APPICON_NAME = AppIcon;
				INFOPLIST_FILE = LivePhoto/Info.plist;
				LD_RUNPATH_SEARCH_PATHS = "$(inherited) @executable_path/Frameworks";
				PRODUCT_BUNDLE_IDENTIFIER = com.baidu.LivePhoto;
				PRODUCT_NAME = "$(TARGET_NAME)";
				PROVISIONING_PROFILE = "b144f9a6-6903-449c-8a61-f296675f47ad";
			};
			name = Debug;
		};
		394E75D41C0827440043EFE7 /* Release */ = {
			isa = XCBuildConfiguration;
			buildSettings = {
				ASSETCATALOG_COMPILER_APPICON_NAME = AppIcon;
				INFOPLIST_FILE = LivePhoto/Info.plist;
				LD_RUNPATH_SEARCH_PATHS = "$(inherited) @executable_path/Frameworks";
				PRODUCT_BUNDLE_IDENTIFIER = com.baidu.LivePhoto;
				PRODUCT_NAME = "$(TARGET_NAME)";
				PROVISIONING_PROFILE = "b144f9a6-6903-449c-8a61-f296675f47ad";
			};
			name = Release;
		};
		394E75D61C0827440043EFE7 /* Debug */ = {
			isa = XCBuildConfiguration;
			buildSettings = {
				BUNDLE_LOADER = "$(TEST_HOST)";
				INFOPLIST_FILE = LivePhotoTests/Info.plist;
				LD_RUNPATH_SEARCH_PATHS = "$(inherited) @executable_path/Frameworks @loader_path/Frameworks";
				PRODUCT_BUNDLE_IDENTIFIER = io.github.rob2468.LivePhotoTests;
				PRODUCT_NAME = "$(TARGET_NAME)";
				TEST_HOST = "$(BUILT_PRODUCTS_DIR)/LivePhoto.app/LivePhoto";
			};
			name = Debug;
		};
		394E75D71C0827440043EFE7 /* Release */ = {
			isa = XCBuildConfiguration;
			buildSettings = {
				BUNDLE_LOADER = "$(TEST_HOST)";
				INFOPLIST_FILE = LivePhotoTests/Info.plist;
				LD_RUNPATH_SEARCH_PATHS = "$(inherited) @executable_path/Frameworks @loader_path/Frameworks";
				PRODUCT_BUNDLE_IDENTIFIER = io.github.rob2468.LivePhotoTests;
				PRODUCT_NAME = "$(TARGET_NAME)";
				TEST_HOST = "$(BUILT_PRODUCTS_DIR)/LivePhoto.app/LivePhoto";
			};
			name = Release;
		};
		394E75D91C0827440043EFE7 /* Debug */ = {
			isa = XCBuildConfiguration;
			buildSettings = {
				INFOPLIST_FILE = LivePhotoUITests/Info.plist;
				LD_RUNPATH_SEARCH_PATHS = "$(inherited) @executable_path/Frameworks @loader_path/Frameworks";
				PRODUCT_BUNDLE_IDENTIFIER = io.github.rob2468.LivePhotoUITests;
				PRODUCT_NAME = "$(TARGET_NAME)";
				TEST_TARGET_NAME = LivePhoto;
				USES_XCTRUNNER = YES;
			};
			name = Debug;
		};
		394E75DA1C0827440043EFE7 /* Release */ = {
			isa = XCBuildConfiguration;
			buildSettings = {
				INFOPLIST_FILE = LivePhotoUITests/Info.plist;
				LD_RUNPATH_SEARCH_PATHS = "$(inherited) @executable_path/Frameworks @loader_path/Frameworks";
				PRODUCT_BUNDLE_IDENTIFIER = io.github.rob2468.LivePhotoUITests;
				PRODUCT_NAME = "$(TARGET_NAME)";
				TEST_TARGET_NAME = LivePhoto;
				USES_XCTRUNNER = YES;
			};
			name = Release;
		};
/* End XCBuildConfiguration section */

/* Begin XCConfigurationList section */
		394E75A01C0827440043EFE7 /* Build configuration list for PBXProject "LivePhoto" */ = {
			isa = XCConfigurationList;
			buildConfigurations = (
				394E75D01C0827440043EFE7 /* Debug */,
				394E75D11C0827440043EFE7 /* Release */,
			);
			defaultConfigurationIsVisible = 0;
			defaultConfigurationName = Release;
		};
		394E75D21C0827440043EFE7 /* Build configuration list for PBXNativeTarget "LivePhoto" */ = {
			isa = XCConfigurationList;
			buildConfigurations = (
				394E75D31C0827440043EFE7 /* Debug */,
				394E75D41C0827440043EFE7 /* Release */,
			);
			defaultConfigurationIsVisible = 0;
			defaultConfigurationName = Release;
		};
		394E75D51C0827440043EFE7 /* Build configuration list for PBXNativeTarget "LivePhotoTests" */ = {
			isa = XCConfigurationList;
			buildConfigurations = (
				394E75D61C0827440043EFE7 /* Debug */,
				394E75D71C0827440043EFE7 /* Release */,
			);
			defaultConfigurationIsVisible = 0;
			defaultConfigurationName = Release;
		};
		394E75D81C0827440043EFE7 /* Build configuration list for PBXNativeTarget "LivePhotoUITests" */ = {
			isa = XCConfigurationList;
			buildConfigurations = (
				394E75D91C0827440043EFE7 /* Debug */,
				394E75DA1C0827440043EFE7 /* Release */,
			);
			defaultConfigurationIsVisible = 0;
			defaultConfigurationName = Release;
		};
/* End XCConfigurationList section */
	};
	rootObject = 394E759D1C0827440043EFE7 /* Project object */;
}
